
Microsoft Visual Studio Solution File, Format Version 11.00
# Visual Studio 2010
Project("{FAE04EC0-301F-11D3-BF4B-00C04F79EFBC}") = "Lab_12_variant_1", "Lab_12_variant_1\Lab_12_variant_1.csproj", "{D0D15C12-B993-4EBC-A5C6-1020DAED376F}"
EndProject
Global
	GlobalSection(SolutionConfigurationPlatforms) = preSolution
		Debug|x86 = Debug|x86
		Release|x86 = Release|x86
	EndGlobalSection
	GlobalSection(ProjectConfigurationPlatforms) = postSolution
		{D0D15C12-B993-4EBC-A5C6-1020DAED376F}.Debug|x86.ActiveCfg = Debug|x86
		{D0D15C12-B993-4EBC-A5C6-1020DAED376F}.Debug|x86.Build.0 = Debug|x86
		{D0D15C12-B993-4EBC-A5C6-1020DAED376F}.Release|x86.ActiveCfg = Release|x86
		{D0D15C12-B993-4EBC-A5C6-1020DAED376F}.Release|x86.Build.0 = Release|x86
	EndGlobalSection
	GlobalSection(SolutionProperties) = preSolution
		HideSolutionNode = FALSE
	EndGlobalSection
EndGlobal
